
Microsoft Visual Studio Solution File, Format Version 12.00
# Visual Studio 15
VisualStudioVersion = 15.0.28307.106
MinimumVisualStudioVersion = 10.0.40219.1
Project("{FAE04EC0-301F-11D3-BF4B-00C04F79EFBC}") = "AppliFraisGSB", "AppliFraisGSB\AppliFraisGSB.csproj", "{60B64AC1-40AF-4F4E-A378-336935755E65}"
EndProject
Project("{FAE04EC0-301F-11D3-BF4B-00C04F79EFBC}") = "TestAppliFrais", "TestAppliFrais\TestAppliFrais.csproj", "{892DB19F-6D89-48B4-879A-73424AD4F603}"
EndProject
Global
	GlobalSection(SolutionConfigurationPlatforms) = preSolution
		Debug|Any CPU = Debug|Any CPU
		Release|Any CPU = Release|Any CPU
	EndGlobalSection
	GlobalSection(ProjectConfigurationPlatforms) = postSolution
		{60B64AC1-40AF-4F4E-A378-336935755E65}.Debug|Any CPU.ActiveCfg = Debug|Any CPU
		{60B64AC1-40AF-4F4E-A378-336935755E65}.Debug|Any CPU.Build.0 = Debug|Any CPU
		{60B64AC1-40AF-4F4E-A378-336935755E65}.Release|Any CPU.ActiveCfg = Release|Any CPU
		{60B64AC1-40AF-4F4E-A378-336935755E65}.Release|Any CPU.Build.0 = Release|Any CPU
		{892DB19F-6D89-48B4-879A-73424AD4F603}.Debug|Any CPU.ActiveCfg = Debug|Any CPU
		{892DB19F-6D89-48B4-879A-73424AD4F603}.Debug|Any CPU.Build.0 = Debug|Any CPU
		{892DB19F-6D89-48B4-879A-73424AD4F603}.Release|Any CPU.ActiveCfg = Release|Any CPU
		{892DB19F-6D89-48B4-879A-73424AD4F603}.Release|Any CPU.Build.0 = Release|Any CPU
	EndGlobalSection
	GlobalSection(SolutionProperties) = preSolution
		HideSolutionNode = FALSE
	EndGlobalSection
	GlobalSection(ExtensibilityGlobals) = postSolution
		SolutionGuid = {B2090A30-45EA-4637-882E-AE54914AC73B}
	EndGlobalSection
EndGlobal
